# this file was auto generated by https://github.com/likianta/poetry-extensions : `/poetry_extensions/poetry_export.py`
# file was updated at 2024-04-24 14:28:08
# use `pip` command to install: 
#   pip install -r requirements.lock --no-deps

--index-url https://pypi.tuna.tsinghua.edu.cn/simple
--extra-index-url http://likianta.pro:2006
--trusted-host likianta.pro

altair==5.3.0 ; python_version >= "3.8" and python_full_version != "3.9.7" and python_version < "4.0"
argsense==0.5.7
attrs==23.2.0 ; python_version >= "3.8" and python_full_version != "3.9.7" and python_version < "4.0"
blinker==1.7.0
cachetools==5.3.3 ; python_version >= "3.8" and python_full_version != "3.9.7" and python_version < "4.0"
certifi==2024.2.2
charset-normalizer==3.3.2
click==8.1.7
colorama==0.4.6 ; platform_system == "Windows"
dash-core-components==2.0.0
dash-html-components==2.0.0
dash-mantine-components==0.14.2
dash-table==5.0.0
dash==2.16.1
feffery-antd-components==0.2.11
flask==3.0.3
gen-exe==0.2.1 ; sys_platform == "win32"
gitdb==4.0.11 ; python_version >= "3.8" and python_full_version != "3.9.7" and python_version < "4.0"
gitpython==3.1.43 ; python_version >= "3.8" and python_full_version != "3.9.7" and python_version < "4.0"
idna==3.7
importlib-metadata==7.1.0
importlib-resources==6.4.0 ; python_version >= "3.8" and python_version < "3.9"
itsdangerous==2.2.0
jinja2==3.1.3
jsonschema-specifications==2023.12.1 ; python_version >= "3.8" and python_full_version != "3.9.7" and python_version < "4.0"
jsonschema==4.21.1 ; python_version >= "3.8" and python_full_version != "3.9.7" and python_version < "4.0"
lk-logger==5.6.4
lk-utils==2.9.5
markdown-it-py==3.0.0
markupsafe==2.1.5
mdurl==0.1.2
nest-asyncio==1.6.0
numpy==1.24.4 ; python_version >= "3.8" and python_version < "3.9"
numpy==1.26.4 ; python_version >= "3.9" and python_full_version != "3.9.7" and python_version < "4.0"
packaging==24.0
pandas==2.0.3 ; python_version >= "3.8" and python_version < "3.9"
pandas==2.2.2 ; python_version >= "3.9" and python_full_version != "3.9.7" and python_version < "4.0"
pillow==10.3.0
pkgutil-resolve-name==1.3.10 ; python_version >= "3.8" and python_version < "3.9"
plotly==5.21.0
protobuf==4.25.3 ; python_version >= "3.8" and python_full_version != "3.9.7" and python_version < "4.0"
pyarrow==16.0.0 ; python_version >= "3.8" and python_full_version != "3.9.7" and python_version < "4.0"
pydeck==0.8.0 ; python_version >= "3.8" and python_full_version != "3.9.7" and python_version < "4.0"
pygments==2.17.2
pyportable-crypto==1.2.0
python-dateutil==2.9.0.post0 ; python_version >= "3.8" and python_full_version != "3.9.7" and python_version < "4.0"
pytz==2024.1 ; python_version >= "3.8" and python_full_version != "3.9.7" and python_version < "4.0"
pywin32==306 ; sys_platform == "win32"
pyyaml==6.0.1
referencing==0.34.0 ; python_version >= "3.8" and python_full_version != "3.9.7" and python_version < "4.0"
requests==2.31.0
retrying==1.3.4
rich==13.7.1
rpds-py==0.18.0 ; python_version >= "3.8" and python_full_version != "3.9.7" and python_version < "4.0"
setuptools==69.5.1
six==1.16.0
smmap==5.0.1 ; python_version >= "3.8" and python_full_version != "3.9.7" and python_version < "4.0"
streamlit-nested-layout==0.1.3 ; python_version >= "3.8" and python_full_version != "3.9.7" and python_version < "4.0"
streamlit==1.33.0 ; python_version >= "3.8" and python_full_version != "3.9.7" and python_version < "4.0"
tenacity==8.2.3
toml==0.10.2
toolz==0.12.1 ; python_version >= "3.8" and python_full_version != "3.9.7" and python_version < "4.0"
tornado==6.4 ; python_version >= "3.8" and python_full_version != "3.9.7" and python_version < "4.0"
typing-extensions==4.11.0
tzdata==2024.1 ; python_version >= "3.8" and python_full_version != "3.9.7" and python_version < "4.0"
urllib3==2.2.1
watchdog==3.0.0
werkzeug==3.0.2
zipp==3.18.1
